# This file was autogenerated by Stack.
# You should not edit this file by hand.
# For more information, please see the documentation at:
#   https://docs.haskellstack.org/en/stable/lock_files

packages:
- completed:
    hackage: servant-0.16.2@sha256:6c5d19d09a9dd2f2b2bf99193f944491f8374802678b79ec729e3f3ae51e216d,5867
    pantry-tree:
      size: 2604
      sha256: bee4504840cf4836326e85f1cf02584bf898188b64d976dac6c6c6793d926794
  original:
    hackage: servant-0.16.2
- completed:
    hackage: http-client-0.6.4@sha256:a74b417345857d4250bdb6d4ac7fd4a89fd2ad8efab3164c1a2b843398d5c13a,5320
    pantry-tree:
      size: 2457
      sha256: fe331314b0a8d9e8ce445405831b6e802ab99d57cab1f4d265910cfcd68d3153
  original:
    hackage: http-client-0.6.4
- completed:
    hackage: aeson-1.4.4.0@sha256:a6f5eddcff9526c786a1b77bdfade54b42f67c066b379bbc4b55ffb291e6c7d6,7251
    pantry-tree:
      size: 40193
      sha256: 7de75d80a5b3debd556ac6443f2ffeb49504c2aa08709ab8803174fc18a6ad90
  original:
    hackage: aeson-1.4.4.0
- completed:
    hackage: servant-client-0.16.0.1@sha256:f970ad4e927530b77f52b99a175c85cfdcd1ef988083d56a1f68c6a3dafe8d51,4376
    pantry-tree:
      size: 804
      sha256: 3690a9c4dbdf8a502648c8c29029b1a0c78e53fd84db90ed388f7abbf5518c25
  original:
    hackage: servant-client-0.16.0.1
snapshots:
- completed:
    size: 524155
    url: https://raw.githubusercontent.com/commercialhaskell/stackage-snapshots/master/lts/14/19.yaml
    sha256: 9f79f6494473c9b46911364b94c4b5ef19ca8d35ebf62e46697cf651f198ee19
  original: lts-14.19
